
Microsoft Visual Studio Solution File, Format Version 12.00
# Visual Studio Version 17
VisualStudioVersion = 17.8.34408.163
MinimumVisualStudioVersion = 10.0.40219.1
Project("{FAE04EC0-301F-11D3-BF4B-00C04F79EFBC}") = "RagDemoAPI", "RagDemoAPI.csproj", "{609A14D4-1FFC-4181-ABAC-DDB03BEB7316}"
EndProject
Global
	GlobalSection(SolutionConfigurationPlatforms) = preSolution
		Debug|Any CPU = Debug|Any CPU
		Release|Any CPU = Release|Any CPU
	EndGlobalSection
	GlobalSection(ProjectConfigurationPlatforms) = postSolution
		{609A14D4-1FFC-4181-ABAC-DDB03BEB7316}.Debug|Any CPU.ActiveCfg = Debug|Any CPU
		{609A14D4-1FFC-4181-ABAC-DDB03BEB7316}.Debug|Any CPU.Build.0 = Debug|Any CPU
		{609A14D4-1FFC-4181-ABAC-DDB03BEB7316}.Release|Any CPU.ActiveCfg = Release|Any CPU
		{609A14D4-1FFC-4181-ABAC-DDB03BEB7316}.Release|Any CPU.Build.0 = Release|Any CPU
	EndGlobalSection
	GlobalSection(SolutionProperties) = preSolution
		HideSolutionNode = FALSE
	EndGlobalSection
	GlobalSection(ExtensibilityGlobals) = postSolution
		SolutionGuid = {39F5C913-F736-4BE4-B4DF-DF2DC75DDFB4}
	EndGlobalSection
EndGlobal
